[{<<"bson">>,
  {git,"git://github.com/comtihon/bson-erlang",
       {ref,"14308ab927cfa69324742c3de720578094e0bb19"}},
  1},
 {<<"cowboy">>,
  {git,"git://github.com/ninenines/cowboy.git",
       {ref,"3d9078018d7f0a83a359b70c698d35e35fbb94f9"}},
  0},
 {<<"cowlib">>,
  {git,"git://github.com/ninenines/cowlib.git",
       {ref,"d544a494af4dbc810fc9c15eaf5cc050cced1501"}},
  1},
 {<<"mongodb">>,
  {git,"git://github.com/comtihon/mongodb-erlang",
       {ref,"bf76ceae546869408e34f3b0f5ab5ed59b9b7da7"}},
  0},
 {<<"pbkdf2">>,
  {git,"git://github.com/comtihon/erlang-pbkdf2.git",
       {ref,"5201a735639496fc595061160117e4ec155d73f5"}},
  1},
 {<<"poolboy">>,
  {git,"git://github.com/comtihon/poolboy.git",
       {ref,"04ea8a5479b273a052942755ebdc42c9e318d907"}},
  1},
 {<<"ranch">>,
  {git,"git://github.com/ninenines/ranch.git",
       {ref,"adf1822defc2b7cfdc7aca112adabfa1d614043c"}},
  1}].
